{
  "name": "Memoui",
  "version": "1.0.0",
  "lockfileVersion": 1,
  "requires": true,
  "dependencies": {
    "elix": {
      "version": "2.0.0",
      "resolved": "https://registry.npmjs.org/elix/-/elix-2.0.0.tgz",
      "integrity": "sha512-YPeUZ6ttSQZfu7DHSggaNfTILqrgJX3P/RL8TTdh9o0gy71np46yJ7HidEn3frWeCxsQ6VB/MAQUIelj5RJJIQ=="
    }
  }
}
